{
	"name": "@mz-cli-dev/core",
	"version": "1.0.4",
	"lockfileVersion": 1,
	"requires": true,
	"dependencies": {
		"@mz-cli-dev/utils": {
			"version": "1.0.4",
			"resolved": "https://registry.npmjs.org/@mz-cli-dev/utils/-/utils-1.0.4.tgz",
			"integrity": "sha512-PdRnUbk2G9rKPgN+TTAPrqovduMQMMMmf9XDTvlUvqzG+KNl9kzLeBDRS7dmpgCxriDEsPuO0j2axXqVZa2wRA=="
		}
	}
}
